
Microsoft Visual Studio Solution File, Format Version 12.00
# Visual Studio Version 17
VisualStudioVersion = 17.10.35004.147
MinimumVisualStudioVersion = 10.0.40219.1
Project("{FAE04EC0-301F-11D3-BF4B-00C04F79EFBC}") = "Api", "Api\Api.csproj", "{E261EBDC-A218-4F6C-89C2-4AE2E23CD5F5}"
EndProject
Project("{FAE04EC0-301F-11D3-BF4B-00C04F79EFBC}") = "App.Core", "App.Core\App.Core.csproj", "{971CFF25-8719-4D97-A6B0-CD79F4908887}"
EndProject
Project("{FAE04EC0-301F-11D3-BF4B-00C04F79EFBC}") = "App.EF", "App.EF\App.EF.csproj", "{CCEC1C9C-8149-4CDF-9BD2-0827452F6211}"
EndProject
Global
	GlobalSection(SolutionConfigurationPlatforms) = preSolution
		Debug|Any CPU = Debug|Any CPU
		Release|Any CPU = Release|Any CPU
	EndGlobalSection
	GlobalSection(ProjectConfigurationPlatforms) = postSolution
		{E261EBDC-A218-4F6C-89C2-4AE2E23CD5F5}.Debug|Any CPU.ActiveCfg = Debug|Any CPU
		{E261EBDC-A218-4F6C-89C2-4AE2E23CD5F5}.Debug|Any CPU.Build.0 = Debug|Any CPU
		{E261EBDC-A218-4F6C-89C2-4AE2E23CD5F5}.Release|Any CPU.ActiveCfg = Release|Any CPU
		{E261EBDC-A218-4F6C-89C2-4AE2E23CD5F5}.Release|Any CPU.Build.0 = Release|Any CPU
		{971CFF25-8719-4D97-A6B0-CD79F4908887}.Debug|Any CPU.ActiveCfg = Debug|Any CPU
		{971CFF25-8719-4D97-A6B0-CD79F4908887}.Debug|Any CPU.Build.0 = Debug|Any CPU
		{971CFF25-8719-4D97-A6B0-CD79F4908887}.Release|Any CPU.ActiveCfg = Release|Any CPU
		{971CFF25-8719-4D97-A6B0-CD79F4908887}.Release|Any CPU.Build.0 = Release|Any CPU
		{CCEC1C9C-8149-4CDF-9BD2-0827452F6211}.Debug|Any CPU.ActiveCfg = Debug|Any CPU
		{CCEC1C9C-8149-4CDF-9BD2-0827452F6211}.Debug|Any CPU.Build.0 = Debug|Any CPU
		{CCEC1C9C-8149-4CDF-9BD2-0827452F6211}.Release|Any CPU.ActiveCfg = Release|Any CPU
		{CCEC1C9C-8149-4CDF-9BD2-0827452F6211}.Release|Any CPU.Build.0 = Release|Any CPU
	EndGlobalSection
	GlobalSection(SolutionProperties) = preSolution
		HideSolutionNode = FALSE
	EndGlobalSection
	GlobalSection(ExtensibilityGlobals) = postSolution
		SolutionGuid = {DAFD9062-989B-4050-A01F-F8CF0DB833D6}
	EndGlobalSection
EndGlobal
